
Microsoft Visual Studio Solution File, Format Version 12.00
# Visual Studio 14
VisualStudioVersion = 14.0.22823.1
MinimumVisualStudioVersion = 10.0.40219.1
Project("{FAE04EC0-301F-11D3-BF4B-00C04F79EFBC}") = "MusicPlayer", "MusicPlayer\MusicPlayer.csproj", "{23C89D16-56A0-4C69-928B-3B92E7C3A733}"
EndProject
Global
	GlobalSection(SolutionConfigurationPlatforms) = preSolution
		Debug|Any CPU = Debug|Any CPU
		Release|Any CPU = Release|Any CPU
	EndGlobalSection
	GlobalSection(ProjectConfigurationPlatforms) = postSolution
		{23C89D16-56A0-4C69-928B-3B92E7C3A733}.Debug|Any CPU.ActiveCfg = Debug|Any CPU
		{23C89D16-56A0-4C69-928B-3B92E7C3A733}.Debug|Any CPU.Build.0 = Debug|Any CPU
		{23C89D16-56A0-4C69-928B-3B92E7C3A733}.Release|Any CPU.ActiveCfg = Release|Any CPU
		{23C89D16-56A0-4C69-928B-3B92E7C3A733}.Release|Any CPU.Build.0 = Release|Any CPU
	EndGlobalSection
	GlobalSection(SolutionProperties) = preSolution
		HideSolutionNode = FALSE
	EndGlobalSection
EndGlobal
